
Microsoft Visual Studio Solution File, Format Version 12.00
# Visual Studio Version 16
VisualStudioVersion = 16.0.29326.143
MinimumVisualStudioVersion = 10.0.40219.1
Project("{FAE04EC0-301F-11D3-BF4B-00C04F79EFBC}") = "CryptoAddress.Android", "CryptoAddress\CryptoAddress.Android\CryptoAddress.Android.csproj", "{9060B7C6-D14B-40C9-B246-EE9F2B3564E4}"
EndProject
Project("{9A19103F-16F7-4668-BE54-9A1E7A4F7556}") = "CryptoAddress", "CryptoAddress\CryptoAddress\CryptoAddress.csproj", "{2A06A225-3B6D-4975-B9C9-BD2F177E790B}"
EndProject
Project("{9A19103F-16F7-4668-BE54-9A1E7A4F7556}") = "ApiCallTest", "ApiCallTest\ApiCallTest.csproj", "{E0EE0FA5-3BC0-48B7-971A-734BD09655EE}"
EndProject
Project("{2150E333-8FDC-42A3-9474-1A3956D46DE8}") = "Solution Items", "Solution Items", "{7F00203F-AC62-413A-848C-A24160819F1A}"
	ProjectSection(SolutionItems) = preProject
		Readme.md = Readme.md
	EndProjectSection
EndProject
Global
	GlobalSection(SolutionConfigurationPlatforms) = preSolution
		Debug|Any CPU = Debug|Any CPU
		Release|Any CPU = Release|Any CPU
	EndGlobalSection
	GlobalSection(ProjectConfigurationPlatforms) = postSolution
		{9060B7C6-D14B-40C9-B246-EE9F2B3564E4}.Debug|Any CPU.ActiveCfg = Debug|Any CPU
		{9060B7C6-D14B-40C9-B246-EE9F2B3564E4}.Debug|Any CPU.Build.0 = Debug|Any CPU
		{9060B7C6-D14B-40C9-B246-EE9F2B3564E4}.Debug|Any CPU.Deploy.0 = Debug|Any CPU
		{9060B7C6-D14B-40C9-B246-EE9F2B3564E4}.Release|Any CPU.ActiveCfg = Release|Any CPU
		{9060B7C6-D14B-40C9-B246-EE9F2B3564E4}.Release|Any CPU.Build.0 = Release|Any CPU
		{9060B7C6-D14B-40C9-B246-EE9F2B3564E4}.Release|Any CPU.Deploy.0 = Release|Any CPU
		{2A06A225-3B6D-4975-B9C9-BD2F177E790B}.Debug|Any CPU.ActiveCfg = Debug|Any CPU
		{2A06A225-3B6D-4975-B9C9-BD2F177E790B}.Debug|Any CPU.Build.0 = Debug|Any CPU
		{2A06A225-3B6D-4975-B9C9-BD2F177E790B}.Debug|Any CPU.Deploy.0 = Debug|Any CPU
		{2A06A225-3B6D-4975-B9C9-BD2F177E790B}.Release|Any CPU.ActiveCfg = Release|Any CPU
		{2A06A225-3B6D-4975-B9C9-BD2F177E790B}.Release|Any CPU.Build.0 = Release|Any CPU
		{2A06A225-3B6D-4975-B9C9-BD2F177E790B}.Release|Any CPU.Deploy.0 = Release|Any CPU
		{E0EE0FA5-3BC0-48B7-971A-734BD09655EE}.Debug|Any CPU.ActiveCfg = Debug|Any CPU
		{E0EE0FA5-3BC0-48B7-971A-734BD09655EE}.Debug|Any CPU.Build.0 = Debug|Any CPU
		{E0EE0FA5-3BC0-48B7-971A-734BD09655EE}.Release|Any CPU.ActiveCfg = Release|Any CPU
		{E0EE0FA5-3BC0-48B7-971A-734BD09655EE}.Release|Any CPU.Build.0 = Release|Any CPU
	EndGlobalSection
	GlobalSection(SolutionProperties) = preSolution
		HideSolutionNode = FALSE
	EndGlobalSection
	GlobalSection(ExtensibilityGlobals) = postSolution
		SolutionGuid = {AEBFF700-B35D-4FFE-B0D3-ABC8AA38BC7C}
	EndGlobalSection
EndGlobal
